// !$*UTF8*$!
{
	archiveVersion = 1;
	classes = {
	};
	objectVersion = 77;
	objects = {

/* Begin PBXBuildFile section */
		D31E170B2D7739E500F8A61E /* LearnViewController.swift in Sources */ = {isa = PBXBuildFile; fileRef = D31E170A2D7739E500F8A61E /* LearnViewController.swift */; };
		D3DEE7BA2D71F4160084B6FE /* GoogleGenerativeAI in Frameworks */ = {isa = PBXBuildFile; productRef = D3DEE7B92D71F4160084B6FE /* GoogleGenerativeAI */; };
/* End PBXBuildFile section */

/* Begin PBXContainerItemProxy section */
		D30B9DB82D70A28900B21A9C /* PBXContainerItemProxy */ = {
			isa = PBXContainerItemProxy;
			containerPortal = D30B9D992D70A28700B21A9C /* Project object */;
			proxyType = 1;
			remoteGlobalIDString = D30B9DA02D70A28700B21A9C;
			remoteInfo = brainrotTranslator;
		};
		D30B9DC22D70A28900B21A9C /* PBXContainerItemProxy */ = {
			isa = PBXContainerItemProxy;
			containerPortal = D30B9D992D70A28700B21A9C /* Project object */;
			proxyType = 1;
			remoteGlobalIDString = D30B9DA02D70A28700B21A9C;
			remoteInfo = brainrotTranslator;
		};
/* End PBXContainerItemProxy section */

/* Begin PBXFileReference section */
		D30B9DA12D70A28700B21A9C /* brainrotTranslator.app */ = {isa = PBXFileReference; explicitFileType = wrapper.application; includeInIndex = 0; path = brainrotTranslator.app; sourceTree = BUILT_PRODUCTS_DIR; };
		D30B9DB72D70A28900B21A9C /* brainrotTranslatorTests.xctest */ = {isa = PBXFileReference; explicitFileType = wrapper.cfbundle; includeInIndex = 0; path = brainrotTranslatorTests.xctest; sourceTree = BUILT_PRODUCTS_DIR; };
		D30B9DC12D70A28900B21A9C /* brainrotTranslatorUITests.xctest */ = {isa = PBXFileReference; explicitFileType = wrapper.cfbundle; includeInIndex = 0; path = brainrotTranslatorUITests.xctest; sourceTree = BUILT_PRODUCTS_DIR; };
		D31E170A2D7739E500F8A61E /* LearnViewController.swift */ = {isa = PBXFileReference; lastKnownFileType = sourcecode.swift; path = LearnViewController.swift; sourceTree = "<group>"; };
/* End PBXFileReference section */

/* Begin PBXFileSystemSynchronizedBuildFileExceptionSet section */
		D30B9DC92D70A28900B21A9C /* Exceptions for "brainrotTranslator" folder in "brainrotTranslator" target */ = {
			isa = PBXFileSystemSynchronizedBuildFileExceptionSet;
			membershipExceptions = (
				Info.plist,
			);
			target = D30B9DA02D70A28700B21A9C /* brainrotTranslator */;
		};
/* End PBXFileSystemSynchronizedBuildFileExceptionSet section */

/* Begin PBXFileSystemSynchronizedRootGroup section */
		D30B9DA32D70A28700B21A9C /* brainrotTranslator */ = {
			isa = PBXFileSystemSynchronizedRootGroup;
			exceptions = (
				D30B9DC92D70A28900B21A9C /* Exceptions for "brainrotTranslator" folder in "brainrotTranslator" target */,
			);
			path = brainrotTranslator;
			sourceTree = "<group>";
		};
		D30B9DBA2D70A28900B21A9C /* brainrotTranslatorTests */ = {
			isa = PBXFileSystemSynchronizedRootGroup;
			path = brainrotTranslatorTests;
			sourceTree = "<group>";
		};
		D30B9DC42D70A28900B21A9C /* brainrotTranslatorUITests */ = {
			isa = PBXFileSystemSynchronizedRootGroup;
			path = brainrotTranslatorUITests;
			sourceTree = "<group>";
		};
/* End PBXFileSystemSynchronizedRootGroup section */

/* Begin PBXFrameworksBuildPhase section */
		D30B9D9E2D70A28700B21A9C /* Frameworks */ = {
			isa = PBXFrameworksBuildPhase;
			buildActionMask = 2147483647;
			files = (
				D3DEE7BA2D71F4160084B6FE /* GoogleGenerativeAI in Frameworks */,
			);
			runOnlyForDeploymentPostprocessing = 0;
		};
		D30B9DB42D70A28900B21A9C /* Frameworks */ = {
			isa = PBXFrameworksBuildPhase;
			buildActionMask = 2147483647;
			files = (
			);
			runOnlyForDeploymentPostprocessing = 0;
		};
		D30B9DBE2D70A28900B21A9C /* Frameworks */ = {
			isa = PBXFrameworksBuildPhase;
			buildActionMask = 2147483647;
			files = (
			);
			runOnlyForDeploymentPostprocessing = 0;
		};
/* End PBXFrameworksBuildPhase section */

/* Begin PBXGroup section */
		D30B9D982D70A28700B21A9C = {
			isa = PBXGroup;
			children = (
				D31E170A2D7739E500F8A61E /* LearnViewController.swift */,
				D30B9DA32D70A28700B21A9C /* brainrotTranslator */,
				D30B9DBA2D70A28900B21A9C /* brainrotTranslatorTests */,
				D30B9DC42D70A28900B21A9C /* brainrotTranslatorUITests */,
				D30B9DA22D70A28700B21A9C /* Products */,
			);
			sourceTree = "<group>";
		};
		D30B9DA22D70A28700B21A9C /* Products */ = {
			isa = PBXGroup;
			children = (
				D30B9DA12D70A28700B21A9C /* brainrotTranslator.app */,
				D30B9DB72D70A28900B21A9C /* brainrotTranslatorTests.xctest */,
				D30B9DC12D70A28900B21A9C /* brainrotTranslatorUITests.xctest */,
			);
			name = Products;
			sourceTree = "<group>";
		};
/* End PBXGroup section */

/* Begin PBXNativeTarget section */
		D30B9DA02D70A28700B21A9C /* brainrotTranslator */ = {
			isa = PBXNativeTarget;
			buildConfigurationList = D30B9DCA2D70A28900B21A9C /* Build configuration list for PBXNativeTarget "brainrotTranslator" */;
			buildPhases = (
				D30B9D9D2D70A28700B21A9C /* Sources */,
				D30B9D9E2D70A28700B21A9C /* Frameworks */,
				D30B9D9F2D70A28700B21A9C /* Resources */,
			);
			buildRules = (
			);
			dependencies = (
			);
			fileSystemSynchronizedGroups = (
				D30B9DA32D70A28700B21A9C /* brainrotTranslator */,
			);
			name = brainrotTranslator;
			packageProductDependencies = (
				D3DEE7B92D71F4160084B6FE /* GoogleGenerativeAI */,
			);
			productName = brainrotTranslator;
			productReference = D30B9DA12D70A28700B21A9C /* brainrotTranslator.app */;
			productType = "com.apple.product-type.application";
		};
		D30B9DB62D70A28900B21A9C /* brainrotTranslatorTests */ = {
			isa = PBXNativeTarget;
			buildConfigurationList = D30B9DCF2D70A28900B21A9C /* Build configuration list for PBXNativeTarget "brainrotTranslatorTests" */;
			buildPhases = (
				D30B9DB32D70A28900B21A9C /* Sources */,
				D30B9DB42D70A28900B21A9C /* Frameworks */,
				D30B9DB52D70A28900B21A9C /* Resources */,
			);
			buildRules = (
			);
			dependencies = (
				D30B9DB92D70A28900B21A9C /* PBXTargetDependency */,
			);
			fileSystemSynchronizedGroups = (
				D30B9DBA2D70A28900B21A9C /* brainrotTranslatorTests */,
			);
			name = brainrotTranslatorTests;
			packageProductDependencies = (
			);
			productName = brainrotTranslatorTests;
			productReference = D30B9DB72D70A28900B21A9C /* brainrotTranslatorTests.xctest */;
			productType = "com.apple.product-type.bundle.unit-test";
		};
		D30B9DC02D70A28900B21A9C /* brainrotTranslatorUITests */ = {
			isa = PBXNativeTarget;
			buildConfigurationList = D30B9DD22D70A28900B21A9C /* Build configuration list for PBXNativeTarget "brainrotTranslatorUITests" */;
			buildPhases = (
				D30B9DBD2D70A28900B21A9C /* Sources */,
				D30B9DBE2D70A28900B21A9C /* Frameworks */,
				D30B9DBF2D70A28900B21A9C /* Resources */,
			);
			buildRules = (
			);
			dependencies = (
				D30B9DC32D70A28900B21A9C /* PBXTargetDependency */,
			);
			fileSystemSynchronizedGroups = (
				D30B9DC42D70A28900B21A9C /* brainrotTranslatorUITests */,
			);
			name = brainrotTranslatorUITests;
			packageProductDependencies = (
			);
			productName = brainrotTranslatorUITests;
			productReference = D30B9DC12D70A28900B21A9C /* brainrotTranslatorUITests.xctest */;
			productType = "com.apple.product-type.bundle.ui-testing";
		};
/* End PBXNativeTarget section */

/* Begin PBXProject section */
		D30B9D992D70A28700B21A9C /* Project object */ = {
			isa = PBXProject;
			attributes = {
				BuildIndependentTargetsInParallel = 1;
				LastSwiftUpdateCheck = 1620;
				LastUpgradeCheck = 1620;
				TargetAttributes = {
					D30B9DA02D70A28700B21A9C = {
						CreatedOnToolsVersion = 16.2;
					};
					D30B9DB62D70A28900B21A9C = {
						CreatedOnToolsVersion = 16.2;
						TestTargetID = D30B9DA02D70A28700B21A9C;
					};
					D30B9DC02D70A28900B21A9C = {
						CreatedOnToolsVersion = 16.2;
						TestTargetID = D30B9DA02D70A28700B21A9C;
					};
				};
			};
			buildConfigurationList = D30B9D9C2D70A28700B21A9C /* Build configuration list for PBXProject "brainrotTranslator" */;
			developmentRegion = en;
			hasScannedForEncodings = 0;
			knownRegions = (
				en,
				Base,
			);
			mainGroup = D30B9D982D70A28700B21A9C;
			minimizedProjectReferenceProxies = 1;
			packageReferences = (
				D3DEE7B82D71F4160084B6FE /* XCRemoteSwiftPackageReference "generative-ai-swift" */,
			);
			preferredProjectObjectVersion = 77;
			productRefGroup = D30B9DA22D70A28700B21A9C /* Products */;
			projectDirPath = "";
			projectRoot = "";
			targets = (
				D30B9DA02D70A28700B21A9C /* brainrotTranslator */,
				D30B9DB62D70A28900B21A9C /* brainrotTranslatorTests */,
				D30B9DC02D70A28900B21A9C /* brainrotTranslatorUITests */,
			);
		};
/* End PBXProject section */

/* Begin PBXResourcesBuildPhase section */
		D30B9D9F2D70A28700B21A9C /* Resources */ = {
			isa = PBXResourcesBuildPhase;
			buildActionMask = 2147483647;
			files = (
			);
			runOnlyForDeploymentPostprocessing = 0;
		};
		D30B9DB52D70A28900B21A9C /* Resources */ = {
			isa = PBXResourcesBuildPhase;
			buildActionMask = 2147483647;
			files = (
			);
			runOnlyForDeploymentPostprocessing = 0;
		};
		D30B9DBF2D70A28900B21A9C /* Resources */ = {
			isa = PBXResourcesBuildPhase;
			buildActionMask = 2147483647;
			files = (
			);
			runOnlyForDeploymentPostprocessing = 0;
		};
/* End PBXResourcesBuildPhase section */

/* Begin PBXSourcesBuildPhase section */
		D30B9D9D2D70A28700B21A9C /* Sources */ = {
			isa = PBXSourcesBuildPhase;
			buildActionMask = 2147483647;
			files = (
				D31E170B2D7739E500F8A61E /* LearnViewController.swift in Sources */,
			);
			runOnlyForDeploymentPostprocessing = 0;
		};
		D30B9DB32D70A28900B21A9C /* Sources */ = {
			isa = PBXSourcesBuildPhase;
			buildActionMask = 2147483647;
			files = (
			);
			runOnlyForDeploymentPostprocessing = 0;
		};
		D30B9DBD2D70A28900B21A9C /* Sources */ = {
			isa = PBXSourcesBuildPhase;
			buildActionMask = 2147483647;
			files = (
			);
			runOnlyForDeploymentPostprocessing = 0;
		};
/* End PBXSourcesBuildPhase section */

/* Begin PBXTargetDependency section */
		D30B9DB92D70A28900B21A9C /* PBXTargetDependency */ = {
			isa = PBXTargetDependency;
			target = D30B9DA02D70A28700B21A9C /* brainrotTranslator */;
			targetProxy = D30B9DB82D70A28900B21A9C /* PBXContainerItemProxy */;
		};
		D30B9DC32D70A28900B21A9C /* PBXTargetDependency */ = {
			isa = PBXTargetDependency;
			target = D30B9DA02D70A28700B21A9C /* brainrotTranslator */;
			targetProxy = D30B9DC22D70A28900B21A9C /* PBXContainerItemProxy */;
		};
/* End PBXTargetDependency section */

/* Begin XCBuildConfiguration section */
		D30B9DCB2D70A28900B21A9C /* Debug */ = {
			isa = XCBuildConfiguration;
			buildSettings = {
				ASSETCATALOG_COMPILER_APPICON_NAME = AppIcon;
				ASSETCATALOG_COMPILER_GLOBAL_ACCENT_COLOR_NAME = AccentColor;
				CODE_SIGN_STYLE = Automatic;
				CURRENT_PROJECT_VERSION = 1;
				DEVELOPMENT_TEAM = LKW7UKGZ29;
				GENERATE_INFOPLIST_FILE = YES;
				INFOPLIST_FILE = brainrotTranslator/Info.plist;
				INFOPLIST_KEY_UIApplicationSupportsIndirectInputEvents = YES;
				INFOPLIST_KEY_UILaunchStoryboardName = LaunchScreen;
				INFOPLIST_KEY_UIMainStoryboardFile = Main;
				INFOPLIST_KEY_UISupportedInterfaceOrientations_iPad = "UIInterfaceOrientationPortrait UIInterfaceOrientationPortraitUpsideDown UIInterfaceOrientationLandscapeLeft UIInterfaceOrientationLandscapeRight";
				INFOPLIST_KEY_UISupportedInterfaceOrientations_iPhone = "UIInterfaceOrientationPortrait UIInterfaceOrientationLandscapeLeft UIInterfaceOrientationLandscapeRight";
				IPHONEOS_DEPLOYMENT_TARGET = 18.0;
				LD_RUNPATH_SEARCH_PATHS = (
					"$(inherited)",
					"@executable_path/Frameworks",
				);
				MARKETING_VERSION = 1.0;
				PRODUCT_BUNDLE_IDENTIFIER = clc.brainrotTranslator;
				PRODUCT_NAME = "$(TARGET_NAME)";
				SWIFT_EMIT_LOC_STRINGS = YES;
				SWIFT_VERSION = 5.0;
				TARGETED_DEVICE_FAMILY = "1,2";
			};
			name = Debug;
		};
		D30B9DCC2D70A28900B21A9C /* Release */ = {
			isa = XCBuildConfiguration;
			buildSettings = {
				ASSETCATALOG_COMPILER_APPICON_NAME = AppIcon;
				ASSETCATALOG_COMPILER_GLOBAL_ACCENT_COLOR_NAME = AccentColor;
				CODE_SIGN_STYLE = Automatic;
				CURRENT_PROJECT_VERSION = 1;
				DEVELOPMENT_TEAM = LKW7UKGZ29;
				GENERATE_INFOPLIST_FILE = YES;
				INFOPLIST_FILE = brainrotTranslator/Info.plist;
				INFOPLIST_KEY_UIApplicationSupportsIndirectInputEvents = YES;
				INFOPLIST_KEY_UILaunchStoryboardName = LaunchScreen;
				INFOPLIST_KEY_UIMainStoryboardFile = Main;
				INFOPLIST_KEY_UISupportedInterfaceOrientations_iPad = "UIInterfaceOrientationPortrait UIInterfaceOrientationPortraitUpsideDown UIInterfaceOrientationLandscapeLeft UIInterfaceOrientationLandscapeRight";
				INFOPLIST_KEY_UISupportedInterfaceOrientations_iPhone = "UIInterfaceOrientationPortrait UIInterfaceOrientationLandscapeLeft UIInterfaceOrientationLandscapeRight";
				IPHONEOS_DEPLOYMENT_TARGET = 18.0;
				LD_RUNPATH_SEARCH_PATHS = (
					"$(inherited)",
					"@executable_path/Frameworks",
				);
				MARKETING_VERSION = 1.0;
				PRODUCT_BUNDLE_IDENTIFIER = clc.brainrotTranslator;
				PRODUCT_NAME = "$(TARGET_NAME)";
				SWIFT_EMIT_LOC_STRINGS = YES;
				SWIFT_VERSION = 5.0;
				TARGETED_DEVICE_FAMILY = "1,2";
			};
			name = Release;
		};
		D30B9DCD2D70A28900B21A9C /* Debug */ = {
			isa = XCBuildConfiguration;
			buildSettings = {
				ALWAYS_SEARCH_USER_PATHS = NO;
				ASSETCATALOG_COMPILER_GENERATE_SWIFT_ASSET_SYMBOL_EXTENSIONS = YES;
				CLANG_ANALYZER_NONNULL = YES;
				CLANG_ANALYZER_NUMBER_OBJECT_CONVERSION = YES_AGGRESSIVE;
				CLANG_CXX_LANGUAGE_STANDARD = "gnu++20";
				CLANG_ENABLE_MODULES = YES;
				CLANG_ENABLE_OBJC_ARC = YES;
				CLANG_ENABLE_OBJC_WEAK = YES;
				CLANG_WARN_BLOCK_CAPTURE_AUTORELEASING = YES;
				CLANG_WARN_BOOL_CONVERSION = YES;
				CLANG_WARN_COMMA = YES;
				CLANG_WARN_CONSTANT_CONVERSION = YES;
				CLANG_WARN_DEPRECATED_OBJC_IMPLEMENTATIONS = YES;
				CLANG_WARN_DIRECT_OBJC_ISA_USAGE = YES_ERROR;
				CLANG_WARN_DOCUMENTATION_COMMENTS = YES;
				CLANG_WARN_EMPTY_BODY = YES;
				CLANG_WARN_ENUM_CONVERSION = YES;
				CLANG_WARN_INFINITE_RECURSION = YES;
				CLANG_WARN_INT_CONVERSION = YES;
				CLANG_WARN_NON_LITERAL_NULL_CONVERSION = YES;
				CLANG_WARN_OBJC_IMPLICIT_RETAIN_SELF = YES;
				CLANG_WARN_OBJC_LITERAL_CONVERSION = YES;
				CLANG_WARN_OBJC_ROOT_CLASS = YES_ERROR;
				CLANG_WARN_QUOTED_INCLUDE_IN_FRAMEWORK_HEADER = YES;
				CLANG_WARN_RANGE_LOOP_ANALYSIS = YES;
				CLANG_WARN_STRICT_PROTOTYPES = YES;
				CLANG_WARN_SUSPICIOUS_MOVE = YES;
				CLANG_WARN_UNGUARDED_AVAILABILITY = YES_AGGRESSIVE;
				CLANG_WARN_UNREACHABLE_CODE = YES;
				CLANG_WARN__DUPLICATE_METHOD_MATCH = YES;
				COPY_PHASE_STRIP = NO;
				DEBUG_INFORMATION_FORMAT = dwarf;
				ENABLE_STRICT_OBJC_MSGSEND = YES;
				ENABLE_TESTABILITY = YES;
				ENABLE_USER_SCRIPT_SANDBOXING = YES;
				GCC_C_LANGUAGE_STANDARD = gnu17;
				GCC_DYNAMIC_NO_PIC = NO;
				GCC_NO_COMMON_BLOCKS = YES;
				GCC_OPTIMIZATION_LEVEL = 0;
				GCC_PREPROCESSOR_DEFINITIONS = (
					"DEBUG=1",
					"$(inherited)",
				);
				GCC_WARN_64_TO_32_BIT_CONVERSION = YES;
				GCC_WARN_ABOUT_RETURN_TYPE = YES_ERROR;
				GCC_WARN_UNDECLARED_SELECTOR = YES;
				GCC_WARN_UNINITIALIZED_AUTOS = YES_AGGRESSIVE;
				GCC_WARN_UNUSED_FUNCTION = YES;
				GCC_WARN_UNUSED_VARIABLE = YES;
				IPHONEOS_DEPLOYMENT_TARGET = 18.2;
				LOCALIZATION_PREFERS_STRING_CATALOGS = YES;
				MTL_ENABLE_DEBUG_INFO = INCLUDE_SOURCE;
				MTL_FAST_MATH = YES;
				ONLY_ACTIVE_ARCH = YES;
				SDKROOT = iphoneos;
				SWIFT_ACTIVE_COMPILATION_CONDITIONS = "DEBUG $(inherited)";
				SWIFT_OPTIMIZATION_LEVEL = "-Onone";
			};
			name = Debug;
		};
		D30B9DCE2D70A28900B21A9C /* Release */ = {
			isa = XCBuildConfiguration;
			buildSettings = {
				ALWAYS_SEARCH_USER_PATHS = NO;
				ASSETCATALOG_COMPILER_GENERATE_SWIFT_ASSET_SYMBOL_EXTENSIONS = YES;
				CLANG_ANALYZER_NONNULL = YES;
				CLANG_ANALYZER_NUMBER_OBJECT_CONVERSION = YES_AGGRESSIVE;
				CLANG_CXX_LANGUAGE_STANDARD = "gnu++20";
				CLANG_ENABLE_MODULES = YES;
				CLANG_ENABLE_OBJC_ARC = YES;
				CLANG_ENABLE_OBJC_WEAK = YES;
				CLANG_WARN_BLOCK_CAPTURE_AUTORELEASING = YES;
				CLANG_WARN_BOOL_CONVERSION = YES;
				CLANG_WARN_COMMA = YES;
				CLANG_WARN_CONSTANT_CONVERSION = YES;
				CLANG_WARN_DEPRECATED_OBJC_IMPLEMENTATIONS = YES;
				CLANG_WARN_DIRECT_OBJC_ISA_USAGE = YES_ERROR;
				CLANG_WARN_DOCUMENTATION_COMMENTS = YES;
				CLANG_WARN_EMPTY_BODY = YES;
				CLANG_WARN_ENUM_CONVERSION = YES;
				CLANG_WARN_INFINITE_RECURSION = YES;
				CLANG_WARN_INT_CONVERSION = YES;
				CLANG_WARN_NON_LITERAL_NULL_CONVERSION = YES;
				CLANG_WARN_OBJC_IMPLICIT_RETAIN_SELF = YES;
				CLANG_WARN_OBJC_LITERAL_CONVERSION = YES;
				CLANG_WARN_OBJC_ROOT_CLASS = YES_ERROR;
				CLANG_WARN_QUOTED_INCLUDE_IN_FRAMEWORK_HEADER = YES;
				CLANG_WARN_RANGE_LOOP_ANALYSIS = YES;
				CLANG_WARN_STRICT_PROTOTYPES = YES;
				CLANG_WARN_SUSPICIOUS_MOVE = YES;
				CLANG_WARN_UNGUARDED_AVAILABILITY = YES_AGGRESSIVE;
				CLANG_WARN_UNREACHABLE_CODE = YES;
				CLANG_WARN__DUPLICATE_METHOD_MATCH = YES;
				COPY_PHASE_STRIP = NO;
				DEBUG_INFORMATION_FORMAT = "dwarf-with-dsym";
				ENABLE_NS_ASSERTIONS = NO;
				ENABLE_STRICT_OBJC_MSGSEND = YES;
				ENABLE_USER_SCRIPT_SANDBOXING = YES;
				GCC_C_LANGUAGE_STANDARD = gnu17;
				GCC_NO_COMMON_BLOCKS = YES;
				GCC_WARN_64_TO_32_BIT_CONVERSION = YES;
				GCC_WARN_ABOUT_RETURN_TYPE = YES_ERROR;
				GCC_WARN_UNDECLARED_SELECTOR = YES;
				GCC_WARN_UNINITIALIZED_AUTOS = YES_AGGRESSIVE;
				GCC_WARN_UNUSED_FUNCTION = YES;
				GCC_WARN_UNUSED_VARIABLE = YES;
				IPHONEOS_DEPLOYMENT_TARGET = 18.2;
				LOCALIZATION_PREFERS_STRING_CATALOGS = YES;
				MTL_ENABLE_DEBUG_INFO = NO;
				MTL_FAST_MATH = YES;
				SDKROOT = iphoneos;
				SWIFT_COMPILATION_MODE = wholemodule;
				VALIDATE_PRODUCT = YES;
			};
			name = Release;
		};
		D30B9DD02D70A28900B21A9C /* Debug */ = {
			isa = XCBuildConfiguration;
			buildSettings = {
				BUNDLE_LOADER = "$(TEST_HOST)";
				CODE_SIGN_STYLE = Automatic;
				CURRENT_PROJECT_VERSION = 1;
				DEVELOPMENT_TEAM = 8RXF2VA5SU;
				GENERATE_INFOPLIST_FILE = YES;
				IPHONEOS_DEPLOYMENT_TARGET = 18.2;
				MARKETING_VERSION = 1.0;
				PRODUCT_BUNDLE_IDENTIFIER = clc.brainrotTranslatorTests;
				PRODUCT_NAME = "$(TARGET_NAME)";
				SWIFT_EMIT_LOC_STRINGS = NO;
				SWIFT_VERSION = 5.0;
				TARGETED_DEVICE_FAMILY = "1,2";
				TEST_HOST = "$(BUILT_PRODUCTS_DIR)/brainrotTranslator.app/$(BUNDLE_EXECUTABLE_FOLDER_PATH)/brainrotTranslator";
			};
			name = Debug;
		};
		D30B9DD12D70A28900B21A9C /* Release */ = {
			isa = XCBuildConfiguration;
			buildSettings = {
				BUNDLE_LOADER = "$(TEST_HOST)";
				CODE_SIGN_STYLE = Automatic;
				CURRENT_PROJECT_VERSION = 1;
				DEVELOPMENT_TEAM = 8RXF2VA5SU;
				GENERATE_INFOPLIST_FILE = YES;
				IPHONEOS_DEPLOYMENT_TARGET = 18.2;
				MARKETING_VERSION = 1.0;
				PRODUCT_BUNDLE_IDENTIFIER = clc.brainrotTranslatorTests;
				PRODUCT_NAME = "$(TARGET_NAME)";
				SWIFT_EMIT_LOC_STRINGS = NO;
				SWIFT_VERSION = 5.0;
				TARGETED_DEVICE_FAMILY = "1,2";
				TEST_HOST = "$(BUILT_PRODUCTS_DIR)/brainrotTranslator.app/$(BUNDLE_EXECUTABLE_FOLDER_PATH)/brainrotTranslator";
			};
			name = Release;
		};
		D30B9DD32D70A28900B21A9C /* Debug */ = {
			isa = XCBuildConfiguration;
			buildSettings = {
				CODE_SIGN_STYLE = Automatic;
				CURRENT_PROJECT_VERSION = 1;
				DEVELOPMENT_TEAM = 8RXF2VA5SU;
				GENERATE_INFOPLIST_FILE = YES;
				MARKETING_VERSION = 1.0;
				PRODUCT_BUNDLE_IDENTIFIER = clc.brainrotTranslatorUITests;
				PRODUCT_NAME = "$(TARGET_NAME)";
				SWIFT_EMIT_LOC_STRINGS = NO;
				SWIFT_VERSION = 5.0;
				TARGETED_DEVICE_FAMILY = "1,2";
				TEST_TARGET_NAME = brainrotTranslator;
			};
			name = Debug;
		};
		D30B9DD42D70A28900B21A9C /* Release */ = {
			isa = XCBuildConfiguration;
			buildSettings = {
				CODE_SIGN_STYLE = Automatic;
				CURRENT_PROJECT_VERSION = 1;
				DEVELOPMENT_TEAM = 8RXF2VA5SU;
				GENERATE_INFOPLIST_FILE = YES;
				MARKETING_VERSION = 1.0;
				PRODUCT_BUNDLE_IDENTIFIER = clc.brainrotTranslatorUITests;
				PRODUCT_NAME = "$(TARGET_NAME)";
				SWIFT_EMIT_LOC_STRINGS = NO;
				SWIFT_VERSION = 5.0;
				TARGETED_DEVICE_FAMILY = "1,2";
				TEST_TARGET_NAME = brainrotTranslator;
			};
			name = Release;
		};
/* End XCBuildConfiguration section */

/* Begin XCConfigurationList section */
		D30B9D9C2D70A28700B21A9C /* Build configuration list for PBXProject "brainrotTranslator" */ = {
			isa = XCConfigurationList;
			buildConfigurations = (
				D30B9DCD2D70A28900B21A9C /* Debug */,
				D30B9DCE2D70A28900B21A9C /* Release */,
			);
			defaultConfigurationIsVisible = 0;
			defaultConfigurationName = Release;
		};
		D30B9DCA2D70A28900B21A9C /* Build configuration list for PBXNativeTarget "brainrotTranslator" */ = {
			isa = XCConfigurationList;
			buildConfigurations = (
				D30B9DCB2D70A28900B21A9C /* Debug */,
				D30B9DCC2D70A28900B21A9C /* Release */,
			);
			defaultConfigurationIsVisible = 0;
			defaultConfigurationName = Release;
		};
		D30B9DCF2D70A28900B21A9C /* Build configuration list for PBXNativeTarget "brainrotTranslatorTests" */ = {
			isa = XCConfigurationList;
			buildConfigurations = (
				D30B9DD02D70A28900B21A9C /* Debug */,
				D30B9DD12D70A28900B21A9C /* Release */,
			);
			defaultConfigurationIsVisible = 0;
			defaultConfigurationName = Release;
		};
		D30B9DD22D70A28900B21A9C /* Build configuration list for PBXNativeTarget "brainrotTranslatorUITests" */ = {
			isa = XCConfigurationList;
			buildConfigurations = (
				D30B9DD32D70A28900B21A9C /* Debug */,
				D30B9DD42D70A28900B21A9C /* Release */,
			);
			defaultConfigurationIsVisible = 0;
			defaultConfigurationName = Release;
		};
/* End XCConfigurationList section */

/* Begin XCRemoteSwiftPackageReference section */
		D3DEE7B82D71F4160084B6FE /* XCRemoteSwiftPackageReference "generative-ai-swift" */ = {
			isa = XCRemoteSwiftPackageReference;
			repositoryURL = "https://github.com/google-gemini/generative-ai-swift";
			requirement = {
				kind = upToNextMajorVersion;
				minimumVersion = 0.5.6;
			};
		};
/* End XCRemoteSwiftPackageReference section */

/* Begin XCSwiftPackageProductDependency section */
		D3DEE7B92D71F4160084B6FE /* GoogleGenerativeAI */ = {
			isa = XCSwiftPackageProductDependency;
			package = D3DEE7B82D71F4160084B6FE /* XCRemoteSwiftPackageReference "generative-ai-swift" */;
			productName = GoogleGenerativeAI;
		};
/* End XCSwiftPackageProductDependency section */
	};
	rootObject = D30B9D992D70A28700B21A9C /* Project object */;
}
